
Microsoft Visual Studio Solution File, Format Version 12.00
# Visual Studio 14
VisualStudioVersion = 14.0.25420.1
MinimumVisualStudioVersion = 10.0.40219.1
Project("{FAE04EC0-301F-11D3-BF4B-00C04F79EFBC}") = "CCPRestSDK", "CCPRestSDK\CCPRestSDK.csproj", "{80326A65-5E30-4238-BD00-B9FD69A53B91}"
EndProject
Project("{2150E333-8FDC-42A3-9474-1A3956D46DE8}") = "1.WZK.Utility", "1.WZK.Utility", "{EFC5E680-93F0-4F1F-9F38-F100FA584CD6}"
EndProject
Project("{2150E333-8FDC-42A3-9474-1A3956D46DE8}") = "2.WZK.Entity", "2.WZK.Entity", "{BF68F560-97B4-4979-8A54-8F99B3B5E22B}"
EndProject
Project("{2150E333-8FDC-42A3-9474-1A3956D46DE8}") = "3.WZK.Business", "3.WZK.Business", "{CB1C1DA9-609D-4B70-B8AB-A9BA1B2F4A21}"
EndProject
Project("{2150E333-8FDC-42A3-9474-1A3956D46DE8}") = "4.WZk.Site", "4.WZk.Site", "{7F71396C-0F32-4614-85D1-273BBF6E8540}"
EndProject
Project("{FAE04EC0-301F-11D3-BF4B-00C04F79EFBC}") = "WZK.Common", "WZK.Common\WZK.Common.csproj", "{6EB6D7F8-CEF2-4C35-B6BF-695E0018D79D}"
EndProject
Project("{FAE04EC0-301F-11D3-BF4B-00C04F79EFBC}") = "WZK.Entity", "WZK.Entity\WZK.Entity.csproj", "{4C7865EF-317A-44BD-8FA9-C75EB5836E15}"
EndProject
Project("{FAE04EC0-301F-11D3-BF4B-00C04F79EFBC}") = "WZK.Models", "WZK.Models\WZK.Models.csproj", "{89F44779-076F-4461-8C3A-090C73B15D09}"
EndProject
Project("{FAE04EC0-301F-11D3-BF4B-00C04F79EFBC}") = "WZK.Business", "WZK.Business\WZK.Business.csproj", "{09E3EE95-CDE0-4339-BC85-F51F98EEFDB8}"
EndProject
Project("{FAE04EC0-301F-11D3-BF4B-00C04F79EFBC}") = "WZK.Business.Admin", "WZK.Business.Admin\WZK.Business.Admin.csproj", "{F1982F51-6508-4BED-B116-D1F634DFC005}"
EndProject
Project("{FAE04EC0-301F-11D3-BF4B-00C04F79EFBC}") = "WZK.Admin", "WZK.Admin\WZK.Admin.csproj", "{590BBB74-5503-4097-91A6-F16DD73B695B}"
EndProject
Project("{FAE04EC0-301F-11D3-BF4B-00C04F79EFBC}") = "WZK.Api", "WZK.Api\WZK.Api.csproj", "{F29E6D51-C5D0-453B-AACD-F953AB69F855}"
EndProject
Project("{FAE04EC0-301F-11D3-BF4B-00C04F79EFBC}") = "WZK.Unit", "WZK.Unit\WZK.Unit.csproj", "{6A043B75-58C4-47F4-9AA2-7D31028C6A6E}"
EndProject
Global
	GlobalSection(SolutionConfigurationPlatforms) = preSolution
		Debug|Any CPU = Debug|Any CPU
		Release|Any CPU = Release|Any CPU
	EndGlobalSection
	GlobalSection(ProjectConfigurationPlatforms) = postSolution
		{80326A65-5E30-4238-BD00-B9FD69A53B91}.Debug|Any CPU.ActiveCfg = Debug|Any CPU
		{80326A65-5E30-4238-BD00-B9FD69A53B91}.Debug|Any CPU.Build.0 = Debug|Any CPU
		{80326A65-5E30-4238-BD00-B9FD69A53B91}.Release|Any CPU.ActiveCfg = Release|Any CPU
		{80326A65-5E30-4238-BD00-B9FD69A53B91}.Release|Any CPU.Build.0 = Release|Any CPU
		{6EB6D7F8-CEF2-4C35-B6BF-695E0018D79D}.Debug|Any CPU.ActiveCfg = Debug|Any CPU
		{6EB6D7F8-CEF2-4C35-B6BF-695E0018D79D}.Debug|Any CPU.Build.0 = Debug|Any CPU
		{6EB6D7F8-CEF2-4C35-B6BF-695E0018D79D}.Release|Any CPU.ActiveCfg = Release|Any CPU
		{6EB6D7F8-CEF2-4C35-B6BF-695E0018D79D}.Release|Any CPU.Build.0 = Release|Any CPU
		{4C7865EF-317A-44BD-8FA9-C75EB5836E15}.Debug|Any CPU.ActiveCfg = Debug|Any CPU
		{4C7865EF-317A-44BD-8FA9-C75EB5836E15}.Debug|Any CPU.Build.0 = Debug|Any CPU
		{4C7865EF-317A-44BD-8FA9-C75EB5836E15}.Release|Any CPU.ActiveCfg = Release|Any CPU
		{4C7865EF-317A-44BD-8FA9-C75EB5836E15}.Release|Any CPU.Build.0 = Release|Any CPU
		{89F44779-076F-4461-8C3A-090C73B15D09}.Debug|Any CPU.ActiveCfg = Debug|Any CPU
		{89F44779-076F-4461-8C3A-090C73B15D09}.Debug|Any CPU.Build.0 = Debug|Any CPU
		{89F44779-076F-4461-8C3A-090C73B15D09}.Release|Any CPU.ActiveCfg = Release|Any CPU
		{89F44779-076F-4461-8C3A-090C73B15D09}.Release|Any CPU.Build.0 = Release|Any CPU
		{09E3EE95-CDE0-4339-BC85-F51F98EEFDB8}.Debug|Any CPU.ActiveCfg = Debug|Any CPU
		{09E3EE95-CDE0-4339-BC85-F51F98EEFDB8}.Debug|Any CPU.Build.0 = Debug|Any CPU
		{09E3EE95-CDE0-4339-BC85-F51F98EEFDB8}.Release|Any CPU.ActiveCfg = Release|Any CPU
		{09E3EE95-CDE0-4339-BC85-F51F98EEFDB8}.Release|Any CPU.Build.0 = Release|Any CPU
		{F1982F51-6508-4BED-B116-D1F634DFC005}.Debug|Any CPU.ActiveCfg = Debug|Any CPU
		{F1982F51-6508-4BED-B116-D1F634DFC005}.Debug|Any CPU.Build.0 = Debug|Any CPU
		{F1982F51-6508-4BED-B116-D1F634DFC005}.Release|Any CPU.ActiveCfg = Release|Any CPU
		{F1982F51-6508-4BED-B116-D1F634DFC005}.Release|Any CPU.Build.0 = Release|Any CPU
		{590BBB74-5503-4097-91A6-F16DD73B695B}.Debug|Any CPU.ActiveCfg = Debug|Any CPU
		{590BBB74-5503-4097-91A6-F16DD73B695B}.Debug|Any CPU.Build.0 = Debug|Any CPU
		{590BBB74-5503-4097-91A6-F16DD73B695B}.Release|Any CPU.ActiveCfg = Release|Any CPU
		{590BBB74-5503-4097-91A6-F16DD73B695B}.Release|Any CPU.Build.0 = Release|Any CPU
		{F29E6D51-C5D0-453B-AACD-F953AB69F855}.Debug|Any CPU.ActiveCfg = Debug|Any CPU
		{F29E6D51-C5D0-453B-AACD-F953AB69F855}.Debug|Any CPU.Build.0 = Debug|Any CPU
		{F29E6D51-C5D0-453B-AACD-F953AB69F855}.Release|Any CPU.ActiveCfg = Release|Any CPU
		{F29E6D51-C5D0-453B-AACD-F953AB69F855}.Release|Any CPU.Build.0 = Release|Any CPU
		{6A043B75-58C4-47F4-9AA2-7D31028C6A6E}.Debug|Any CPU.ActiveCfg = Debug|Any CPU
		{6A043B75-58C4-47F4-9AA2-7D31028C6A6E}.Debug|Any CPU.Build.0 = Debug|Any CPU
		{6A043B75-58C4-47F4-9AA2-7D31028C6A6E}.Release|Any CPU.ActiveCfg = Release|Any CPU
		{6A043B75-58C4-47F4-9AA2-7D31028C6A6E}.Release|Any CPU.Build.0 = Release|Any CPU
	EndGlobalSection
	GlobalSection(SolutionProperties) = preSolution
		HideSolutionNode = FALSE
	EndGlobalSection
	GlobalSection(NestedProjects) = preSolution
		{80326A65-5E30-4238-BD00-B9FD69A53B91} = {EFC5E680-93F0-4F1F-9F38-F100FA584CD6}
		{6EB6D7F8-CEF2-4C35-B6BF-695E0018D79D} = {EFC5E680-93F0-4F1F-9F38-F100FA584CD6}
		{4C7865EF-317A-44BD-8FA9-C75EB5836E15} = {BF68F560-97B4-4979-8A54-8F99B3B5E22B}
		{89F44779-076F-4461-8C3A-090C73B15D09} = {BF68F560-97B4-4979-8A54-8F99B3B5E22B}
		{09E3EE95-CDE0-4339-BC85-F51F98EEFDB8} = {CB1C1DA9-609D-4B70-B8AB-A9BA1B2F4A21}
		{F1982F51-6508-4BED-B116-D1F634DFC005} = {CB1C1DA9-609D-4B70-B8AB-A9BA1B2F4A21}
		{590BBB74-5503-4097-91A6-F16DD73B695B} = {7F71396C-0F32-4614-85D1-273BBF6E8540}
		{F29E6D51-C5D0-453B-AACD-F953AB69F855} = {7F71396C-0F32-4614-85D1-273BBF6E8540}
		{6A043B75-58C4-47F4-9AA2-7D31028C6A6E} = {7F71396C-0F32-4614-85D1-273BBF6E8540}
	EndGlobalSection
	GlobalSection(ExtensibilityGlobals) = postSolution
		VisualSVNWorkingCopyRoot = .
	EndGlobalSection
EndGlobal
